
Microsoft Visual Studio Solution File, Format Version 12.00
# Visual Studio Version 16
VisualStudioVersion = 16.0.29911.84
MinimumVisualStudioVersion = 10.0.40219.1
Project("{FAE04EC0-301F-11D3-BF4B-00C04F79EFBC}") = "NESsie", "NESsie\NESsie.csproj", "{0C10F3D5-2562-4718-A6E2-03BB60DFEEDB}"
EndProject
Global
	GlobalSection(SolutionConfigurationPlatforms) = preSolution
		Debug|Any CPU = Debug|Any CPU
		Release|Any CPU = Release|Any CPU
	EndGlobalSection
	GlobalSection(ProjectConfigurationPlatforms) = postSolution
		{0C10F3D5-2562-4718-A6E2-03BB60DFEEDB}.Debug|Any CPU.ActiveCfg = Debug|Any CPU
		{0C10F3D5-2562-4718-A6E2-03BB60DFEEDB}.Debug|Any CPU.Build.0 = Debug|Any CPU
		{0C10F3D5-2562-4718-A6E2-03BB60DFEEDB}.Release|Any CPU.ActiveCfg = Release|Any CPU
		{0C10F3D5-2562-4718-A6E2-03BB60DFEEDB}.Release|Any CPU.Build.0 = Release|Any CPU
	EndGlobalSection
	GlobalSection(SolutionProperties) = preSolution
		HideSolutionNode = FALSE
	EndGlobalSection
	GlobalSection(ExtensibilityGlobals) = postSolution
		SolutionGuid = {92A9F724-ABB2-47FB-9EBC-380FC9824BC2}
	EndGlobalSection
EndGlobal
